// !$*UTF8*$!
{
	archiveVersion = 1;
	classes = {
	};
	objectVersion = 48;
	objects = {

/* Begin PBXBuildFile section */
		96A3E4A91F8E21F900E18557 /* AppDelegate.swift in Sources */ = {isa = PBXBuildFile; fileRef = 96A3E4A81F8E21F900E18557 /* AppDelegate.swift */; };
		96A3E4AB1F8E21F900E18557 /* ViewController.swift in Sources */ = {isa = PBXBuildFile; fileRef = 96A3E4AA1F8E21F900E18557 /* ViewController.swift */; };
		96A3E4AE1F8E21F900E18557 /* Main.storyboard in Resources */ = {isa = PBXBuildFile; fileRef = 96A3E4AC1F8E21F900E18557 /* Main.storyboard */; };
		96A3E4B01F8E21F900E18557 /* Assets.xcassets in Resources */ = {isa = PBXBuildFile; fileRef = 96A3E4AF1F8E21F900E18557 /* Assets.xcassets */; };
		96A3E4B31F8E21F900E18557 /* LaunchScreen.storyboard in Resources */ = {isa = PBXBuildFile; fileRef = 96A3E4B11F8E21F900E18557 /* LaunchScreen.storyboard */; };
		96A3E4BC1F8E2CFB00E18557 /* LLCycleScrollView.swift in Sources */ = {isa = PBXBuildFile; fileRef = 96A3E4BB1F8E2CFB00E18557 /* LLCycleScrollView.swift */; };
		A22C4C0FF392DAF722710AE4 /* Pods_LLCycleScrollViewDemo.framework in Frameworks */ = {isa = PBXBuildFile; fileRef = 357A9369B9DEE879F04A2403 /* Pods_LLCycleScrollViewDemo.framework */; };
/* End PBXBuildFile section */

/* Begin PBXFileReference section */
		285D787B49483565122E9F25 /* Pods-LLCycleScrollViewDemo.debug.xcconfig */ = {isa = PBXFileReference; includeInIndex = 1; lastKnownFileType = text.xcconfig; name = "Pods-LLCycleScrollViewDemo.debug.xcconfig"; path = "Pods/Target Support Files/Pods-LLCycleScrollViewDemo/Pods-LLCycleScrollViewDemo.debug.xcconfig"; sourceTree = "<group>"; };
		357A9369B9DEE879F04A2403 /* Pods_LLCycleScrollViewDemo.framework */ = {isa = PBXFileReference; explicitFileType = wrapper.framework; includeInIndex = 0; path = Pods_LLCycleScrollViewDemo.framework; sourceTree = BUILT_PRODUCTS_DIR; };
		96A3E4A51F8E21F900E18557 /* LLCycleScrollViewDemo.app */ = {isa = PBXFileReference; explicitFileType = wrapper.application; includeInIndex = 0; path = LLCycleScrollViewDemo.app; sourceTree = BUILT_PRODUCTS_DIR; };
		96A3E4A81F8E21F900E18557 /* AppDelegate.swift */ = {isa = PBXFileReference; lastKnownFileType = sourcecode.swift; path = AppDelegate.swift; sourceTree = "<group>"; };
		96A3E4AA1F8E21F900E18557 /* ViewController.swift */ = {isa = PBXFileReference; lastKnownFileType = sourcecode.swift; path = ViewController.swift; sourceTree = "<group>"; };
		96A3E4AD1F8E21F900E18557 /* Base */ = {isa = PBXFileReference; lastKnownFileType = file.storyboard; name = Base; path = Base.lproj/Main.storyboard; sourceTree = "<group>"; };
		96A3E4AF1F8E21F900E18557 /* Assets.xcassets */ = {isa = PBXFileReference; lastKnownFileType = folder.assetcatalog; path = Assets.xcassets; sourceTree = "<group>"; };
		96A3E4B21F8E21F900E18557 /* Base */ = {isa = PBXFileReference; lastKnownFileType = file.storyboard; name = Base; path = Base.lproj/LaunchScreen.storyboard; sourceTree = "<group>"; };
		96A3E4B41F8E21F900E18557 /* Info.plist */ = {isa = PBXFileReference; lastKnownFileType = text.plist.xml; path = Info.plist; sourceTree = "<group>"; };
		96A3E4BB1F8E2CFB00E18557 /* LLCycleScrollView.swift */ = {isa = PBXFileReference; lastKnownFileType = sourcecode.swift; path = LLCycleScrollView.swift; sourceTree = "<group>"; };
		AB383811768CD026A1CD99CE /* Pods-LLCycleScrollViewDemo.release.xcconfig */ = {isa = PBXFileReference; includeInIndex = 1; lastKnownFileType = text.xcconfig; name = "Pods-LLCycleScrollViewDemo.release.xcconfig"; path = "Pods/Target Support Files/Pods-LLCycleScrollViewDemo/Pods-LLCycleScrollViewDemo.release.xcconfig"; sourceTree = "<group>"; };
/* End PBXFileReference section */

/* Begin PBXFrameworksBuildPhase section */
		96A3E4A21F8E21F900E18557 /* Frameworks */ = {
			isa = PBXFrameworksBuildPhase;
			buildActionMask = 2147483647;
			files = (
				A22C4C0FF392DAF722710AE4 /* Pods_LLCycleScrollViewDemo.framework in Frameworks */,
			);
			runOnlyForDeploymentPostprocessing = 0;
		};
/* End PBXFrameworksBuildPhase section */

/* Begin PBXGroup section */
		462E54CA12C85ED027E48377 /* Pods */ = {
			isa = PBXGroup;
			children = (
				285D787B49483565122E9F25 /* Pods-LLCycleScrollViewDemo.debug.xcconfig */,
				AB383811768CD026A1CD99CE /* Pods-LLCycleScrollViewDemo.release.xcconfig */,
			);
			name = Pods;
			sourceTree = "<group>";
		};
		96A3E49C1F8E21F900E18557 = {
			isa = PBXGroup;
			children = (
				96A3E4A71F8E21F900E18557 /* LLCycleScrollViewDemo */,
				96A3E4A61F8E21F900E18557 /* Products */,
				462E54CA12C85ED027E48377 /* Pods */,
				F49799ED953CEEED6C372531 /* Frameworks */,
			);
			sourceTree = "<group>";
		};
		96A3E4A61F8E21F900E18557 /* Products */ = {
			isa = PBXGroup;
			children = (
				96A3E4A51F8E21F900E18557 /* LLCycleScrollViewDemo.app */,
			);
			name = Products;
			sourceTree = "<group>";
		};
		96A3E4A71F8E21F900E18557 /* LLCycleScrollViewDemo */ = {
			isa = PBXGroup;
			children = (
				96A3E4BA1F8E221500E18557 /* LLCycleScrollView */,
				96A3E4A81F8E21F900E18557 /* AppDelegate.swift */,
				96A3E4AA1F8E21F900E18557 /* ViewController.swift */,
				96A3E4AC1F8E21F900E18557 /* Main.storyboard */,
				96A3E4AF1F8E21F900E18557 /* Assets.xcassets */,
				96A3E4B11F8E21F900E18557 /* LaunchScreen.storyboard */,
				96A3E4B41F8E21F900E18557 /* Info.plist */,
			);
			path = LLCycleScrollViewDemo;
			sourceTree = "<group>";
		};
		96A3E4BA1F8E221500E18557 /* LLCycleScrollView */ = {
			isa = PBXGroup;
			children = (
				96A3E4BB1F8E2CFB00E18557 /* LLCycleScrollView.swift */,
			);
			path = LLCycleScrollView;
			sourceTree = SOURCE_ROOT;
		};
		F49799ED953CEEED6C372531 /* Frameworks */ = {
			isa = PBXGroup;
			children = (
				357A9369B9DEE879F04A2403 /* Pods_LLCycleScrollViewDemo.framework */,
			);
			name = Frameworks;
			sourceTree = "<group>";
		};
/* End PBXGroup section */

/* Begin PBXNativeTarget section */
		96A3E4A41F8E21F900E18557 /* LLCycleScrollViewDemo */ = {
			isa = PBXNativeTarget;
			buildConfigurationList = 96A3E4B71F8E21F900E18557 /* Build configuration list for PBXNativeTarget "LLCycleScrollViewDemo" */;
			buildPhases = (
				EAF5057AFE7290DD2621D3E3 /* [CP] Check Pods Manifest.lock */,
				96A3E4A11F8E21F900E18557 /* Sources */,
				96A3E4A21F8E21F900E18557 /* Frameworks */,
				96A3E4A31F8E21F900E18557 /* Resources */,
				7B7917F97D48A3192354AD42 /* [CP] Embed Pods Frameworks */,
				2CA367B1CC5E9D01FB662CCD /* [CP] Copy Pods Resources */,
			);
			buildRules = (
			);
			dependencies = (
			);
			name = LLCycleScrollViewDemo;
			productName = LLCycleScrollViewDemo;
			productReference = 96A3E4A51F8E21F900E18557 /* LLCycleScrollViewDemo.app */;
			productType = "com.apple.product-type.application";
		};
/* End PBXNativeTarget section */

/* Begin PBXProject section */
		96A3E49D1F8E21F900E18557 /* Project object */ = {
			isa = PBXProject;
			attributes = {
				LastSwiftUpdateCheck = 0900;
				LastUpgradeCheck = 0900;
				ORGANIZATIONNAME = liushaohua;
				TargetAttributes = {
					96A3E4A41F8E21F900E18557 = {
						CreatedOnToolsVersion = 9.0;
						ProvisioningStyle = Manual;
					};
				};
			};
			buildConfigurationList = 96A3E4A01F8E21F900E18557 /* Build configuration list for PBXProject "LLCycleScrollViewDemo" */;
			compatibilityVersion = "Xcode 8.0";
			developmentRegion = en;
			hasScannedForEncodings = 0;
			knownRegions = (
				en,
				Base,
			);
			mainGroup = 96A3E49C1F8E21F900E18557;
			productRefGroup = 96A3E4A61F8E21F900E18557 /* Products */;
			projectDirPath = "";
			projectRoot = "";
			targets = (
				96A3E4A41F8E21F900E18557 /* LLCycleScrollViewDemo */,
			);
		};
/* End PBXProject section */

/* Begin PBXResourcesBuildPhase section */
		96A3E4A31F8E21F900E18557 /* Resources */ = {
			isa = PBXResourcesBuildPhase;
			buildActionMask = 2147483647;
			files = (
				96A3E4B31F8E21F900E18557 /* LaunchScreen.storyboard in Resources */,
				96A3E4B01F8E21F900E18557 /* Assets.xcassets in Resources */,
				96A3E4AE1F8E21F900E18557 /* Main.storyboard in Resources */,
			);
			runOnlyForDeploymentPostprocessing = 0;
		};
/* End PBXResourcesBuildPhase section */

/* Begin PBXShellScriptBuildPhase section */
		2CA367B1CC5E9D01FB662CCD /* [CP] Copy Pods Resources */ = {
			isa = PBXShellScriptBuildPhase;
			buildActionMask = 2147483647;
			files = (
			);
			inputPaths = (
			);
			name = "[CP] Copy Pods Resources";
			outputPaths = (
			);
			runOnlyForDeploymentPostprocessing = 0;
			shellPath = /bin/sh;
			shellScript = "\"${SRCROOT}/Pods/Target Support Files/Pods-LLCycleScrollViewDemo/Pods-LLCycleScrollViewDemo-resources.sh\"\n";
			showEnvVarsInLog = 0;
		};
		7B7917F97D48A3192354AD42 /* [CP] Embed Pods Frameworks */ = {
			isa = PBXShellScriptBuildPhase;
			buildActionMask = 2147483647;
			files = (
			);
			inputPaths = (
				"${SRCROOT}/Pods/Target Support Files/Pods-LLCycleScrollViewDemo/Pods-LLCycleScrollViewDemo-frameworks.sh",
				"${BUILT_PRODUCTS_DIR}/Kingfisher/Kingfisher.framework",
			);
			name = "[CP] Embed Pods Frameworks";
			outputPaths = (
				"${TARGET_BUILD_DIR}/${FRAMEWORKS_FOLDER_PATH}/Kingfisher.framework",
			);
			runOnlyForDeploymentPostprocessing = 0;
			shellPath = /bin/sh;
			shellScript = "\"${SRCROOT}/Pods/Target Support Files/Pods-LLCycleScrollViewDemo/Pods-LLCycleScrollViewDemo-frameworks.sh\"\n";
			showEnvVarsInLog = 0;
		};
		EAF5057AFE7290DD2621D3E3 /* [CP] Check Pods Manifest.lock */ = {
			isa = PBXShellScriptBuildPhase;
			buildActionMask = 2147483647;
			files = (
			);
			inputPaths = (
				"${PODS_PODFILE_DIR_PATH}/Podfile.lock",
				"${PODS_ROOT}/Manifest.lock",
			);
			name = "[CP] Check Pods Manifest.lock";
			outputPaths = (
				"$(DERIVED_FILE_DIR)/Pods-LLCycleScrollViewDemo-checkManifestLockResult.txt",
			);
			runOnlyForDeploymentPostprocessing = 0;
			shellPath = /bin/sh;
			shellScript = "diff \"${PODS_PODFILE_DIR_PATH}/Podfile.lock\" \"${PODS_ROOT}/Manifest.lock\" > /dev/null\nif [ $? != 0 ] ; then\n    # print error to STDERR\n    echo \"error: The sandbox is not in sync with the Podfile.lock. Run 'pod install' or update your CocoaPods installation.\" >&2\n    exit 1\nfi\n# This output is used by Xcode 'outputs' to avoid re-running this script phase.\necho \"SUCCESS\" > \"${SCRIPT_OUTPUT_FILE_0}\"\n";
			showEnvVarsInLog = 0;
		};
/* End PBXShellScriptBuildPhase section */

/* Begin PBXSourcesBuildPhase section */
		96A3E4A11F8E21F900E18557 /* Sources */ = {
			isa = PBXSourcesBuildPhase;
			buildActionMask = 2147483647;
			files = (
				96A3E4AB1F8E21F900E18557 /* ViewController.swift in Sources */,
				96A3E4A91F8E21F900E18557 /* AppDelegate.swift in Sources */,
				96A3E4BC1F8E2CFB00E18557 /* LLCycleScrollView.swift in Sources */,
			);
			runOnlyForDeploymentPostprocessing = 0;
		};
/* End PBXSourcesBuildPhase section */

/* Begin PBXVariantGroup section */
		96A3E4AC1F8E21F900E18557 /* Main.storyboard */ = {
			isa = PBXVariantGroup;
			children = (
				96A3E4AD1F8E21F900E18557 /* Base */,
			);
			name = Main.storyboard;
			sourceTree = "<group>";
		};
		96A3E4B11F8E21F900E18557 /* LaunchScreen.storyboard */ = {
			isa = PBXVariantGroup;
			children = (
				96A3E4B21F8E21F900E18557 /* Base */,
			);
			name = LaunchScreen.storyboard;
			sourceTree = "<group>";
		};
/* End PBXVariantGroup section */

/* Begin XCBuildConfiguration section */
		96A3E4B51F8E21F900E18557 /* Debug */ = {
			isa = XCBuildConfiguration;
			buildSettings = {
				ALWAYS_SEARCH_USER_PATHS = NO;
				CLANG_ANALYZER_NONNULL = YES;
				CLANG_ANALYZER_NUMBER_OBJECT_CONVERSION = YES_AGGRESSIVE;
				CLANG_CXX_LANGUAGE_STANDARD = "gnu++14";
				CLANG_CXX_LIBRARY = "libc++";
				CLANG_ENABLE_MODULES = YES;
				CLANG_ENABLE_OBJC_ARC = YES;
				CLANG_WARN_BLOCK_CAPTURE_AUTORELEASING = YES;
				CLANG_WARN_BOOL_CONVERSION = YES;
				CLANG_WARN_COMMA = YES;
				CLANG_WARN_CONSTANT_CONVERSION = YES;
				CLANG_WARN_DIRECT_OBJC_ISA_USAGE = YES_ERROR;
				CLANG_WARN_DOCUMENTATION_COMMENTS = YES;
				CLANG_WARN_EMPTY_BODY = YES;
				CLANG_WARN_ENUM_CONVERSION = YES;
				CLANG_WARN_INFINITE_RECURSION = YES;
				CLANG_WARN_INT_CONVERSION = YES;
				CLANG_WARN_NON_LITERAL_NULL_CONVERSION = YES;
				CLANG_WARN_OBJC_LITERAL_CONVERSION = YES;
				CLANG_WARN_OBJC_ROOT_CLASS = YES_ERROR;
				CLANG_WARN_RANGE_LOOP_ANALYSIS = YES;
				CLANG_WARN_STRICT_PROTOTYPES = YES;
				CLANG_WARN_SUSPICIOUS_MOVE = YES;
				CLANG_WARN_UNGUARDED_AVAILABILITY = YES_AGGRESSIVE;
				CLANG_WARN_UNREACHABLE_CODE = YES;
				CLANG_WARN__DUPLICATE_METHOD_MATCH = YES;
				CODE_SIGN_IDENTITY = "iPhone Developer";
				COPY_PHASE_STRIP = NO;
				DEBUG_INFORMATION_FORMAT = dwarf;
				ENABLE_STRICT_OBJC_MSGSEND = YES;
				ENABLE_TESTABILITY = YES;
				GCC_C_LANGUAGE_STANDARD = gnu11;
				GCC_DYNAMIC_NO_PIC = NO;
				GCC_NO_COMMON_BLOCKS = YES;
				GCC_OPTIMIZATION_LEVEL = 0;
				GCC_PREPROCESSOR_DEFINITIONS = (
					"DEBUG=1",
					"$(inherited)",
				);
				GCC_WARN_64_TO_32_BIT_CONVERSION = YES;
				GCC_WARN_ABOUT_RETURN_TYPE = YES_ERROR;
				GCC_WARN_UNDECLARED_SELECTOR = YES;
				GCC_WARN_UNINITIALIZED_AUTOS = YES_AGGRESSIVE;
				GCC_WARN_UNUSED_FUNCTION = YES;
				GCC_WARN_UNUSED_VARIABLE = YES;
				IPHONEOS_DEPLOYMENT_TARGET = 11.0;
				MTL_ENABLE_DEBUG_INFO = YES;
				ONLY_ACTIVE_ARCH = YES;
				SDKROOT = iphoneos;
				SWIFT_ACTIVE_COMPILATION_CONDITIONS = DEBUG;
				SWIFT_OPTIMIZATION_LEVEL = "-Onone";
			};
			name = Debug;
		};
		96A3E4B61F8E21F900E18557 /* Release */ = {
			isa = XCBuildConfiguration;
			buildSettings = {
				ALWAYS_SEARCH_USER_PATHS = NO;
				CLANG_ANALYZER_NONNULL = YES;
				CLANG_ANALYZER_NUMBER_OBJECT_CONVERSION = YES_AGGRESSIVE;
				CLANG_CXX_LANGUAGE_STANDARD = "gnu++14";
				CLANG_CXX_LIBRARY = "libc++";
				CLANG_ENABLE_MODULES = YES;
				CLANG_ENABLE_OBJC_ARC = YES;
				CLANG_WARN_BLOCK_CAPTURE_AUTORELEASING = YES;
				CLANG_WARN_BOOL_CONVERSION = YES;
				CLANG_WARN_COMMA = YES;
				CLANG_WARN_CONSTANT_CONVERSION = YES;
				CLANG_WARN_DIRECT_OBJC_ISA_USAGE = YES_ERROR;
				CLANG_WARN_DOCUMENTATION_COMMENTS = YES;
				CLANG_WARN_EMPTY_BODY = YES;
				CLANG_WARN_ENUM_CONVERSION = YES;
				CLANG_WARN_INFINITE_RECURSION = YES;
				CLANG_WARN_INT_CONVERSION = YES;
				CLANG_WARN_NON_LITERAL_NULL_CONVERSION = YES;
				CLANG_WARN_OBJC_LITERAL_CONVERSION = YES;
				CLANG_WARN_OBJC_ROOT_CLASS = YES_ERROR;
				CLANG_WARN_RANGE_LOOP_ANALYSIS = YES;
				CLANG_WARN_STRICT_PROTOTYPES = YES;
				CLANG_WARN_SUSPICIOUS_MOVE = YES;
				CLANG_WARN_UNGUARDED_AVAILABILITY = YES_AGGRESSIVE;
				CLANG_WARN_UNREACHABLE_CODE = YES;
				CLANG_WARN__DUPLICATE_METHOD_MATCH = YES;
				CODE_SIGN_IDENTITY = "iPhone Developer";
				COPY_PHASE_STRIP = NO;
				DEBUG_INFORMATION_FORMAT = "dwarf-with-dsym";
				ENABLE_NS_ASSERTIONS = NO;
				ENABLE_STRICT_OBJC_MSGSEND = YES;
				GCC_C_LANGUAGE_STANDARD = gnu11;
				GCC_NO_COMMON_BLOCKS = YES;
				GCC_WARN_64_TO_32_BIT_CONVERSION = YES;
				GCC_WARN_ABOUT_RETURN_TYPE = YES_ERROR;
				GCC_WARN_UNDECLARED_SELECTOR = YES;
				GCC_WARN_UNINITIALIZED_AUTOS = YES_AGGRESSIVE;
				GCC_WARN_UNUSED_FUNCTION = YES;
				GCC_WARN_UNUSED_VARIABLE = YES;
				IPHONEOS_DEPLOYMENT_TARGET = 11.0;
				MTL_ENABLE_DEBUG_INFO = NO;
				SDKROOT = iphoneos;
				SWIFT_OPTIMIZATION_LEVEL = "-Owholemodule";
				VALIDATE_PRODUCT = YES;
			};
			name = Release;
		};
		96A3E4B81F8E21F900E18557 /* Debug */ = {
			isa = XCBuildConfiguration;
			baseConfigurationReference = 285D787B49483565122E9F25 /* Pods-LLCycleScrollViewDemo.debug.xcconfig */;
			buildSettings = {
				ASSETCATALOG_COMPILER_APPICON_NAME = AppIcon;
				CODE_SIGN_STYLE = Manual;
				DEVELOPMENT_TEAM = "";
				INFOPLIST_FILE = LLCycleScrollViewDemo/Info.plist;
				IPHONEOS_DEPLOYMENT_TARGET = 8.0;
				LD_RUNPATH_SEARCH_PATHS = "$(inherited) @executable_path/Frameworks";
				PRODUCT_BUNDLE_IDENTIFIER = liushaohua.LLCycleScrollViewDemo;
				PRODUCT_NAME = "$(TARGET_NAME)";
				PROVISIONING_PROFILE_SPECIFIER = "";
				SWIFT_VERSION = 4.0;
				TARGETED_DEVICE_FAMILY = "1,2";
			};
			name = Debug;
		};
		96A3E4B91F8E21F900E18557 /* Release */ = {
			isa = XCBuildConfiguration;
			baseConfigurationReference = AB383811768CD026A1CD99CE /* Pods-LLCycleScrollViewDemo.release.xcconfig */;
			buildSettings = {
				ASSETCATALOG_COMPILER_APPICON_NAME = AppIcon;
				CODE_SIGN_STYLE = Manual;
				DEVELOPMENT_TEAM = "";
				INFOPLIST_FILE = LLCycleScrollViewDemo/Info.plist;
				IPHONEOS_DEPLOYMENT_TARGET = 8.0;
				LD_RUNPATH_SEARCH_PATHS = "$(inherited) @executable_path/Frameworks";
				PRODUCT_BUNDLE_IDENTIFIER = liushaohua.LLCycleScrollViewDemo;
				PRODUCT_NAME = "$(TARGET_NAME)";
				PROVISIONING_PROFILE_SPECIFIER = "";
				SWIFT_VERSION = 4.0;
				TARGETED_DEVICE_FAMILY = "1,2";
			};
			name = Release;
		};
/* End XCBuildConfiguration section */

/* Begin XCConfigurationList section */
		96A3E4A01F8E21F900E18557 /* Build configuration list for PBXProject "LLCycleScrollViewDemo" */ = {
			isa = XCConfigurationList;
			buildConfigurations = (
				96A3E4B51F8E21F900E18557 /* Debug */,
				96A3E4B61F8E21F900E18557 /* Release */,
			);
			defaultConfigurationIsVisible = 0;
			defaultConfigurationName = Release;
		};
		96A3E4B71F8E21F900E18557 /* Build configuration list for PBXNativeTarget "LLCycleScrollViewDemo" */ = {
			isa = XCConfigurationList;
			buildConfigurations = (
				96A3E4B81F8E21F900E18557 /* Debug */,
				96A3E4B91F8E21F900E18557 /* Release */,
			);
			defaultConfigurationIsVisible = 0;
			defaultConfigurationName = Release;
		};
/* End XCConfigurationList section */
	};
	rootObject = 96A3E49D1F8E21F900E18557 /* Project object */;
}
